
Microsoft Visual Studio Solution File, Format Version 12.00
# Visual Studio Version 17
VisualStudioVersion = 17.0.32112.339
MinimumVisualStudioVersion = 10.0.40219.1
Project("{9A19103F-16F7-4668-BE54-9A1E7A4F7556}") = "CollectionViewer", "CollectionViewer\CollectionViewer.csproj", "{82A664C4-D8C3-40D1-8784-43F143A34A75}"
EndProject
Project("{FAE04EC0-301F-11D3-BF4B-00C04F79EFBC}") = "ConsoleExample", "ConsoleExample\ConsoleExample.csproj", "{971E2317-6F80-411D-BA1F-D31F1FE5C355}"
EndProject
Global
	GlobalSection(SolutionConfigurationPlatforms) = preSolution
		Debug|Any CPU = Debug|Any CPU
		Release|Any CPU = Release|Any CPU
	EndGlobalSection
	GlobalSection(ProjectConfigurationPlatforms) = postSolution
		{82A664C4-D8C3-40D1-8784-43F143A34A75}.Debug|Any CPU.ActiveCfg = Debug|Any CPU
		{82A664C4-D8C3-40D1-8784-43F143A34A75}.Debug|Any CPU.Build.0 = Debug|Any CPU
		{82A664C4-D8C3-40D1-8784-43F143A34A75}.Release|Any CPU.ActiveCfg = Release|Any CPU
		{82A664C4-D8C3-40D1-8784-43F143A34A75}.Release|Any CPU.Build.0 = Release|Any CPU
		{971E2317-6F80-411D-BA1F-D31F1FE5C355}.Debug|Any CPU.ActiveCfg = Debug|Any CPU
		{971E2317-6F80-411D-BA1F-D31F1FE5C355}.Debug|Any CPU.Build.0 = Debug|Any CPU
		{971E2317-6F80-411D-BA1F-D31F1FE5C355}.Release|Any CPU.ActiveCfg = Release|Any CPU
		{971E2317-6F80-411D-BA1F-D31F1FE5C355}.Release|Any CPU.Build.0 = Release|Any CPU
	EndGlobalSection
	GlobalSection(SolutionProperties) = preSolution
		HideSolutionNode = FALSE
	EndGlobalSection
	GlobalSection(ExtensibilityGlobals) = postSolution
		SolutionGuid = {17C422A3-DD02-4A1F-9C4C-DBD53B5C2FFE}
	EndGlobalSection
EndGlobal
